// !$*UTF8*$!
{
	archiveVersion = 1;
	classes = {
	};
	objectVersion = 56;
	objects = {

/* Begin PBXBuildFile section */
		07B650A229237CEB00F52CCB /* AppDelegate.swift in Sources */ = {isa = PBXBuildFile; fileRef = 07B650A129237CEB00F52CCB /* AppDelegate.swift */; };
		07B650A829237CEB00F52CCB /* GameScene.swift in Sources */ = {isa = PBXBuildFile; fileRef = 07B650A729237CEB00F52CCB /* GameScene.swift */; };
		07B650AA29237CEB00F52CCB /* GameViewController.swift in Sources */ = {isa = PBXBuildFile; fileRef = 07B650A929237CEB00F52CCB /* GameViewController.swift */; };
		07B650AD29237CEB00F52CCB /* Main.storyboard in Resources */ = {isa = PBXBuildFile; fileRef = 07B650AB29237CEB00F52CCB /* Main.storyboard */; };
		07B650AF29237CEC00F52CCB /* Assets.xcassets in Resources */ = {isa = PBXBuildFile; fileRef = 07B650AE29237CEC00F52CCB /* Assets.xcassets */; };
		07B650B229237CEC00F52CCB /* LaunchScreen.storyboard in Resources */ = {isa = PBXBuildFile; fileRef = 07B650B029237CEC00F52CCB /* LaunchScreen.storyboard */; };
		07B650BC29237CEC00F52CCB /* BlockBreakTests.swift in Sources */ = {isa = PBXBuildFile; fileRef = 07B650BB29237CEC00F52CCB /* BlockBreakTests.swift */; };
		07B650C629237CEC00F52CCB /* BlockBreakUITests.swift in Sources */ = {isa = PBXBuildFile; fileRef = 07B650C529237CEC00F52CCB /* BlockBreakUITests.swift */; };
		07B650C829237CEC00F52CCB /* BlockBreakUITestsLaunchTests.swift in Sources */ = {isa = PBXBuildFile; fileRef = 07B650C729237CEC00F52CCB /* BlockBreakUITestsLaunchTests.swift */; };
		07B650D529237FF200F52CCB /* Function.swift in Sources */ = {isa = PBXBuildFile; fileRef = 07B650D429237FF200F52CCB /* Function.swift */; };
		07B651162923988D00F52CCB /* Variables.swift in Sources */ = {isa = PBXBuildFile; fileRef = 07B651152923988D00F52CCB /* Variables.swift */; };
		07B651192923995700F52CCB /* Stages.swift in Sources */ = {isa = PBXBuildFile; fileRef = 07B651182923995700F52CCB /* Stages.swift */; };
		07BB78692927702D003B50D4 /* BGemitter.sks in Resources */ = {isa = PBXBuildFile; fileRef = 07BB78672927702D003B50D4 /* BGemitter.sks */; };
		07BB786A2927702D003B50D4 /* Assets.xcassets in Resources */ = {isa = PBXBuildFile; fileRef = 07BB78682927702D003B50D4 /* Assets.xcassets */; };
		07BB786C292B89BD003B50D4 /* Stage1.swift in Sources */ = {isa = PBXBuildFile; fileRef = 07BB786B292B89BD003B50D4 /* Stage1.swift */; };
		07BB786E292B8C14003B50D4 /* Stage2.swift in Sources */ = {isa = PBXBuildFile; fileRef = 07BB786D292B8C14003B50D4 /* Stage2.swift */; };
		07BB7870292B8E7A003B50D4 /* Stage3.swift in Sources */ = {isa = PBXBuildFile; fileRef = 07BB786F292B8E7A003B50D4 /* Stage3.swift */; };
		07BB7872292B8EA3003B50D4 /* Stage4.swift in Sources */ = {isa = PBXBuildFile; fileRef = 07BB7871292B8EA3003B50D4 /* Stage4.swift */; };
		07BB7874292B8EB7003B50D4 /* Stage5.swift in Sources */ = {isa = PBXBuildFile; fileRef = 07BB7873292B8EB7003B50D4 /* Stage5.swift */; };
		07BB7877292B90BC003B50D4 /* intro.swift in Sources */ = {isa = PBXBuildFile; fileRef = 07BB7876292B90BC003B50D4 /* intro.swift */; };
		07CCE66D2924E58400E1330A /* gameOver.wav in Resources */ = {isa = PBXBuildFile; fileRef = 07CCE6612924E58300E1330A /* gameOver.wav */; };
		07CCE66E2924E58400E1330A /* intro.mp3 in Resources */ = {isa = PBXBuildFile; fileRef = 07CCE6622924E58300E1330A /* intro.mp3 */; };
		07CCE66F2924E58400E1330A /* sound4.wav in Resources */ = {isa = PBXBuildFile; fileRef = 07CCE6632924E58300E1330A /* sound4.wav */; };
		07CCE6702924E58400E1330A /* sound6.wav in Resources */ = {isa = PBXBuildFile; fileRef = 07CCE6642924E58300E1330A /* sound6.wav */; };
		07CCE6712924E58400E1330A /* sound2.wav in Resources */ = {isa = PBXBuildFile; fileRef = 07CCE6652924E58300E1330A /* sound2.wav */; };
		07CCE6722924E58400E1330A /* bgm.mp3 in Resources */ = {isa = PBXBuildFile; fileRef = 07CCE6662924E58300E1330A /* bgm.mp3 */; };
		07CCE6732924E58400E1330A /* paddle.wav in Resources */ = {isa = PBXBuildFile; fileRef = 07CCE6672924E58300E1330A /* paddle.wav */; };
		07CCE6742924E58400E1330A /* sound1.wav in Resources */ = {isa = PBXBuildFile; fileRef = 07CCE6682924E58300E1330A /* sound1.wav */; };
		07CCE6752924E58400E1330A /* sound3.wav in Resources */ = {isa = PBXBuildFile; fileRef = 07CCE6692924E58300E1330A /* sound3.wav */; };
		07CCE6762924E58400E1330A /* sound7.wav in Resources */ = {isa = PBXBuildFile; fileRef = 07CCE66A2924E58400E1330A /* sound7.wav */; };
		07CCE6772924E58400E1330A /* sound5.wav in Resources */ = {isa = PBXBuildFile; fileRef = 07CCE66B2924E58400E1330A /* sound5.wav */; };
		07CCE6782924E58400E1330A /* sound8.wav in Resources */ = {isa = PBXBuildFile; fileRef = 07CCE66C2924E58400E1330A /* sound8.wav */; };
		07CCE67A2924E76500E1330A /* Explosion.sks in Resources */ = {isa = PBXBuildFile; fileRef = 07CCE6792924E76500E1330A /* Explosion.sks */; };
/* End PBXBuildFile section */

/* Begin PBXContainerItemProxy section */
		07B650B829237CEC00F52CCB /* PBXContainerItemProxy */ = {
			isa = PBXContainerItemProxy;
			containerPortal = 07B6509629237CEB00F52CCB /* Project object */;
			proxyType = 1;
			remoteGlobalIDString = 07B6509D29237CEB00F52CCB;
			remoteInfo = BlockBreak;
		};
		07B650C229237CEC00F52CCB /* PBXContainerItemProxy */ = {
			isa = PBXContainerItemProxy;
			containerPortal = 07B6509629237CEB00F52CCB /* Project object */;
			proxyType = 1;
			remoteGlobalIDString = 07B6509D29237CEB00F52CCB;
			remoteInfo = BlockBreak;
		};
/* End PBXContainerItemProxy section */

/* Begin PBXFileReference section */
		07B6509E29237CEB00F52CCB /* BlockBreak.app */ = {isa = PBXFileReference; explicitFileType = wrapper.application; includeInIndex = 0; path = BlockBreak.app; sourceTree = BUILT_PRODUCTS_DIR; };
		07B650A129237CEB00F52CCB /* AppDelegate.swift */ = {isa = PBXFileReference; lastKnownFileType = sourcecode.swift; path = AppDelegate.swift; sourceTree = "<group>"; };
		07B650A729237CEB00F52CCB /* GameScene.swift */ = {isa = PBXFileReference; lastKnownFileType = sourcecode.swift; path = GameScene.swift; sourceTree = "<group>"; };
		07B650A929237CEB00F52CCB /* GameViewController.swift */ = {isa = PBXFileReference; lastKnownFileType = sourcecode.swift; path = GameViewController.swift; sourceTree = "<group>"; };
		07B650AC29237CEB00F52CCB /* Base */ = {isa = PBXFileReference; lastKnownFileType = file.storyboard; name = Base; path = Base.lproj/Main.storyboard; sourceTree = "<group>"; };
		07B650AE29237CEC00F52CCB /* Assets.xcassets */ = {isa = PBXFileReference; lastKnownFileType = folder.assetcatalog; path = Assets.xcassets; sourceTree = "<group>"; };
		07B650B129237CEC00F52CCB /* Base */ = {isa = PBXFileReference; lastKnownFileType = file.storyboard; name = Base; path = Base.lproj/LaunchScreen.storyboard; sourceTree = "<group>"; };
		07B650B729237CEC00F52CCB /* BlockBreakTests.xctest */ = {isa = PBXFileReference; explicitFileType = wrapper.cfbundle; includeInIndex = 0; path = BlockBreakTests.xctest; sourceTree = BUILT_PRODUCTS_DIR; };
		07B650BB29237CEC00F52CCB /* BlockBreakTests.swift */ = {isa = PBXFileReference; lastKnownFileType = sourcecode.swift; path = BlockBreakTests.swift; sourceTree = "<group>"; };
		07B650C129237CEC00F52CCB /* BlockBreakUITests.xctest */ = {isa = PBXFileReference; explicitFileType = wrapper.cfbundle; includeInIndex = 0; path = BlockBreakUITests.xctest; sourceTree = BUILT_PRODUCTS_DIR; };
		07B650C529237CEC00F52CCB /* BlockBreakUITests.swift */ = {isa = PBXFileReference; lastKnownFileType = sourcecode.swift; path = BlockBreakUITests.swift; sourceTree = "<group>"; };
		07B650C729237CEC00F52CCB /* BlockBreakUITestsLaunchTests.swift */ = {isa = PBXFileReference; lastKnownFileType = sourcecode.swift; path = BlockBreakUITestsLaunchTests.swift; sourceTree = "<group>"; };
		07B650D429237FF200F52CCB /* Function.swift */ = {isa = PBXFileReference; lastKnownFileType = sourcecode.swift; path = Function.swift; sourceTree = "<group>"; };
		07B651152923988D00F52CCB /* Variables.swift */ = {isa = PBXFileReference; lastKnownFileType = sourcecode.swift; path = Variables.swift; sourceTree = "<group>"; };
		07B651182923995700F52CCB /* Stages.swift */ = {isa = PBXFileReference; lastKnownFileType = sourcecode.swift; path = Stages.swift; sourceTree = "<group>"; };
		07BB78672927702D003B50D4 /* BGemitter.sks */ = {isa = PBXFileReference; lastKnownFileType = file.sks; path = BGemitter.sks; sourceTree = "<group>"; };
		07BB78682927702D003B50D4 /* Assets.xcassets */ = {isa = PBXFileReference; lastKnownFileType = folder.assetcatalog; path = Assets.xcassets; sourceTree = "<group>"; };
		07BB786B292B89BD003B50D4 /* Stage1.swift */ = {isa = PBXFileReference; lastKnownFileType = sourcecode.swift; path = Stage1.swift; sourceTree = "<group>"; };
		07BB786D292B8C14003B50D4 /* Stage2.swift */ = {isa = PBXFileReference; lastKnownFileType = sourcecode.swift; path = Stage2.swift; sourceTree = "<group>"; };
		07BB786F292B8E7A003B50D4 /* Stage3.swift */ = {isa = PBXFileReference; lastKnownFileType = sourcecode.swift; path = Stage3.swift; sourceTree = "<group>"; };
		07BB7871292B8EA3003B50D4 /* Stage4.swift */ = {isa = PBXFileReference; lastKnownFileType = sourcecode.swift; path = Stage4.swift; sourceTree = "<group>"; };
		07BB7873292B8EB7003B50D4 /* Stage5.swift */ = {isa = PBXFileReference; lastKnownFileType = sourcecode.swift; path = Stage5.swift; sourceTree = "<group>"; };
		07BB7876292B90BC003B50D4 /* intro.swift */ = {isa = PBXFileReference; lastKnownFileType = sourcecode.swift; path = intro.swift; sourceTree = "<group>"; };
		07CCE6612924E58300E1330A /* gameOver.wav */ = {isa = PBXFileReference; lastKnownFileType = audio.wav; path = gameOver.wav; sourceTree = "<group>"; };
		07CCE6622924E58300E1330A /* intro.mp3 */ = {isa = PBXFileReference; lastKnownFileType = audio.mp3; path = intro.mp3; sourceTree = "<group>"; };
		07CCE6632924E58300E1330A /* sound4.wav */ = {isa = PBXFileReference; lastKnownFileType = audio.wav; path = sound4.wav; sourceTree = "<group>"; };
		07CCE6642924E58300E1330A /* sound6.wav */ = {isa = PBXFileReference; lastKnownFileType = audio.wav; path = sound6.wav; sourceTree = "<group>"; };
		07CCE6652924E58300E1330A /* sound2.wav */ = {isa = PBXFileReference; lastKnownFileType = audio.wav; path = sound2.wav; sourceTree = "<group>"; };
		07CCE6662924E58300E1330A /* bgm.mp3 */ = {isa = PBXFileReference; lastKnownFileType = audio.mp3; path = bgm.mp3; sourceTree = "<group>"; };
		07CCE6672924E58300E1330A /* paddle.wav */ = {isa = PBXFileReference; lastKnownFileType = audio.wav; path = paddle.wav; sourceTree = "<group>"; };
		07CCE6682924E58300E1330A /* sound1.wav */ = {isa = PBXFileReference; lastKnownFileType = audio.wav; path = sound1.wav; sourceTree = "<group>"; };
		07CCE6692924E58300E1330A /* sound3.wav */ = {isa = PBXFileReference; lastKnownFileType = audio.wav; path = sound3.wav; sourceTree = "<group>"; };
		07CCE66A2924E58400E1330A /* sound7.wav */ = {isa = PBXFileReference; lastKnownFileType = audio.wav; path = sound7.wav; sourceTree = "<group>"; };
		07CCE66B2924E58400E1330A /* sound5.wav */ = {isa = PBXFileReference; lastKnownFileType = audio.wav; path = sound5.wav; sourceTree = "<group>"; };
		07CCE66C2924E58400E1330A /* sound8.wav */ = {isa = PBXFileReference; lastKnownFileType = audio.wav; path = sound8.wav; sourceTree = "<group>"; };
		07CCE6792924E76500E1330A /* Explosion.sks */ = {isa = PBXFileReference; lastKnownFileType = file.sks; path = Explosion.sks; sourceTree = "<group>"; };
/* End PBXFileReference section */

/* Begin PBXFrameworksBuildPhase section */
		07B6509B29237CEB00F52CCB /* Frameworks */ = {
			isa = PBXFrameworksBuildPhase;
			buildActionMask = 2147483647;
			files = (
			);
			runOnlyForDeploymentPostprocessing = 0;
		};
		07B650B429237CEC00F52CCB /* Frameworks */ = {
			isa = PBXFrameworksBuildPhase;
			buildActionMask = 2147483647;
			files = (
			);
			runOnlyForDeploymentPostprocessing = 0;
		};
		07B650BE29237CEC00F52CCB /* Frameworks */ = {
			isa = PBXFrameworksBuildPhase;
			buildActionMask = 2147483647;
			files = (
			);
			runOnlyForDeploymentPostprocessing = 0;
		};
/* End PBXFrameworksBuildPhase section */

/* Begin PBXGroup section */
		07B6509529237CEB00F52CCB = {
			isa = PBXGroup;
			children = (
				07B650A029237CEB00F52CCB /* BlockBreak */,
				07B650BA29237CEC00F52CCB /* BlockBreakTests */,
				07B650C429237CEC00F52CCB /* BlockBreakUITests */,
				07B6509F29237CEB00F52CCB /* Products */,
			);
			sourceTree = "<group>";
		};
		07B6509F29237CEB00F52CCB /* Products */ = {
			isa = PBXGroup;
			children = (
				07B6509E29237CEB00F52CCB /* BlockBreak.app */,
				07B650B729237CEC00F52CCB /* BlockBreakTests.xctest */,
				07B650C129237CEC00F52CCB /* BlockBreakUITests.xctest */,
			);
			name = Products;
			sourceTree = "<group>";
		};
		07B650A029237CEB00F52CCB /* BlockBreak */ = {
			isa = PBXGroup;
			children = (
				07BB7875292B90AD003B50D4 /* scene */,
				07BB78662927700A003B50D4 /* emitter */,
				07CCE6602924E56200E1330A /* Sound */,
				07B651172923994A00F52CCB /* Stages */,
				07B650A129237CEB00F52CCB /* AppDelegate.swift */,
				07B650A929237CEB00F52CCB /* GameViewController.swift */,
				07B650D429237FF200F52CCB /* Function.swift */,
				07B651152923988D00F52CCB /* Variables.swift */,
				07B650AB29237CEB00F52CCB /* Main.storyboard */,
				07B650AE29237CEC00F52CCB /* Assets.xcassets */,
				07B650B029237CEC00F52CCB /* LaunchScreen.storyboard */,
			);
			path = BlockBreak;
			sourceTree = "<group>";
		};
		07B650BA29237CEC00F52CCB /* BlockBreakTests */ = {
			isa = PBXGroup;
			children = (
				07B650BB29237CEC00F52CCB /* BlockBreakTests.swift */,
			);
			path = BlockBreakTests;
			sourceTree = "<group>";
		};
		07B650C429237CEC00F52CCB /* BlockBreakUITests */ = {
			isa = PBXGroup;
			children = (
				07B650C529237CEC00F52CCB /* BlockBreakUITests.swift */,
				07B650C729237CEC00F52CCB /* BlockBreakUITestsLaunchTests.swift */,
			);
			path = BlockBreakUITests;
			sourceTree = "<group>";
		};
		07B651172923994A00F52CCB /* Stages */ = {
			isa = PBXGroup;
			children = (
				07B651182923995700F52CCB /* Stages.swift */,
				07BB786B292B89BD003B50D4 /* Stage1.swift */,
				07BB786D292B8C14003B50D4 /* Stage2.swift */,
				07BB786F292B8E7A003B50D4 /* Stage3.swift */,
				07BB7871292B8EA3003B50D4 /* Stage4.swift */,
				07BB7873292B8EB7003B50D4 /* Stage5.swift */,
			);
			path = Stages;
			sourceTree = "<group>";
		};
		07BB78662927700A003B50D4 /* emitter */ = {
			isa = PBXGroup;
			children = (
				07CCE6792924E76500E1330A /* Explosion.sks */,
				07BB78672927702D003B50D4 /* BGemitter.sks */,
				07BB78682927702D003B50D4 /* Assets.xcassets */,
			);
			path = emitter;
			sourceTree = "<group>";
		};
		07BB7875292B90AD003B50D4 /* scene */ = {
			isa = PBXGroup;
			children = (
				07B650A729237CEB00F52CCB /* GameScene.swift */,
				07BB7876292B90BC003B50D4 /* intro.swift */,
			);
			path = scene;
			sourceTree = "<group>";
		};
		07CCE6602924E56200E1330A /* Sound */ = {
			isa = PBXGroup;
			children = (
				07CCE6662924E58300E1330A /* bgm.mp3 */,
				07CCE6612924E58300E1330A /* gameOver.wav */,
				07CCE6622924E58300E1330A /* intro.mp3 */,
				07CCE6672924E58300E1330A /* paddle.wav */,
				07CCE6682924E58300E1330A /* sound1.wav */,
				07CCE6652924E58300E1330A /* sound2.wav */,
				07CCE6692924E58300E1330A /* sound3.wav */,
				07CCE6632924E58300E1330A /* sound4.wav */,
				07CCE66B2924E58400E1330A /* sound5.wav */,
				07CCE6642924E58300E1330A /* sound6.wav */,
				07CCE66A2924E58400E1330A /* sound7.wav */,
				07CCE66C2924E58400E1330A /* sound8.wav */,
			);
			path = Sound;
			sourceTree = "<group>";
		};
/* End PBXGroup section */

/* Begin PBXNativeTarget section */
		07B6509D29237CEB00F52CCB /* BlockBreak */ = {
			isa = PBXNativeTarget;
			buildConfigurationList = 07B650CB29237CEC00F52CCB /* Build configuration list for PBXNativeTarget "BlockBreak" */;
			buildPhases = (
				07B6509A29237CEB00F52CCB /* Sources */,
				07B6509B29237CEB00F52CCB /* Frameworks */,
				07B6509C29237CEB00F52CCB /* Resources */,
			);
			buildRules = (
			);
			dependencies = (
			);
			name = BlockBreak;
			productName = BlockBreak;
			productReference = 07B6509E29237CEB00F52CCB /* BlockBreak.app */;
			productType = "com.apple.product-type.application";
		};
		07B650B629237CEC00F52CCB /* BlockBreakTests */ = {
			isa = PBXNativeTarget;
			buildConfigurationList = 07B650CE29237CEC00F52CCB /* Build configuration list for PBXNativeTarget "BlockBreakTests" */;
			buildPhases = (
				07B650B329237CEC00F52CCB /* Sources */,
				07B650B429237CEC00F52CCB /* Frameworks */,
				07B650B529237CEC00F52CCB /* Resources */,
			);
			buildRules = (
			);
			dependencies = (
				07B650B929237CEC00F52CCB /* PBXTargetDependency */,
			);
			name = BlockBreakTests;
			productName = BlockBreakTests;
			productReference = 07B650B729237CEC00F52CCB /* BlockBreakTests.xctest */;
			productType = "com.apple.product-type.bundle.unit-test";
		};
		07B650C029237CEC00F52CCB /* BlockBreakUITests */ = {
			isa = PBXNativeTarget;
			buildConfigurationList = 07B650D129237CEC00F52CCB /* Build configuration list for PBXNativeTarget "BlockBreakUITests" */;
			buildPhases = (
				07B650BD29237CEC00F52CCB /* Sources */,
				07B650BE29237CEC00F52CCB /* Frameworks */,
				07B650BF29237CEC00F52CCB /* Resources */,
			);
			buildRules = (
			);
			dependencies = (
				07B650C329237CEC00F52CCB /* PBXTargetDependency */,
			);
			name = BlockBreakUITests;
			productName = BlockBreakUITests;
			productReference = 07B650C129237CEC00F52CCB /* BlockBreakUITests.xctest */;
			productType = "com.apple.product-type.bundle.ui-testing";
		};
/* End PBXNativeTarget section */

/* Begin PBXProject section */
		07B6509629237CEB00F52CCB /* Project object */ = {
			isa = PBXProject;
			attributes = {
				BuildIndependentTargetsInParallel = 1;
				LastSwiftUpdateCheck = 1400;
				LastUpgradeCheck = 1400;
				TargetAttributes = {
					07B6509D29237CEB00F52CCB = {
						CreatedOnToolsVersion = 14.0.1;
					};
					07B650B629237CEC00F52CCB = {
						CreatedOnToolsVersion = 14.0.1;
						TestTargetID = 07B6509D29237CEB00F52CCB;
					};
					07B650C029237CEC00F52CCB = {
						CreatedOnToolsVersion = 14.0.1;
						TestTargetID = 07B6509D29237CEB00F52CCB;
					};
				};
			};
			buildConfigurationList = 07B6509929237CEB00F52CCB /* Build configuration list for PBXProject "BlockBreak" */;
			compatibilityVersion = "Xcode 14.0";
			developmentRegion = en;
			hasScannedForEncodings = 0;
			knownRegions = (
				en,
				Base,
			);
			mainGroup = 07B6509529237CEB00F52CCB;
			productRefGroup = 07B6509F29237CEB00F52CCB /* Products */;
			projectDirPath = "";
			projectRoot = "";
			targets = (
				07B6509D29237CEB00F52CCB /* BlockBreak */,
				07B650B629237CEC00F52CCB /* BlockBreakTests */,
				07B650C029237CEC00F52CCB /* BlockBreakUITests */,
			);
		};
/* End PBXProject section */

/* Begin PBXResourcesBuildPhase section */
		07B6509C29237CEB00F52CCB /* Resources */ = {
			isa = PBXResourcesBuildPhase;
			buildActionMask = 2147483647;
			files = (
				07CCE6782924E58400E1330A /* sound8.wav in Resources */,
				07CCE6702924E58400E1330A /* sound6.wav in Resources */,
				07CCE6712924E58400E1330A /* sound2.wav in Resources */,
				07CCE6752924E58400E1330A /* sound3.wav in Resources */,
				07B650AD29237CEB00F52CCB /* Main.storyboard in Resources */,
				07CCE6722924E58400E1330A /* bgm.mp3 in Resources */,
				07CCE66F2924E58400E1330A /* sound4.wav in Resources */,
				07B650AF29237CEC00F52CCB /* Assets.xcassets in Resources */,
				07CCE6762924E58400E1330A /* sound7.wav in Resources */,
				07CCE6772924E58400E1330A /* sound5.wav in Resources */,
				07CCE6732924E58400E1330A /* paddle.wav in Resources */,
				07CCE66D2924E58400E1330A /* gameOver.wav in Resources */,
				07B650B229237CEC00F52CCB /* LaunchScreen.storyboard in Resources */,
				07CCE67A2924E76500E1330A /* Explosion.sks in Resources */,
				07CCE66E2924E58400E1330A /* intro.mp3 in Resources */,
				07BB78692927702D003B50D4 /* BGemitter.sks in Resources */,
				07BB786A2927702D003B50D4 /* Assets.xcassets in Resources */,
				07CCE6742924E58400E1330A /* sound1.wav in Resources */,
			);
			runOnlyForDeploymentPostprocessing = 0;
		};
		07B650B529237CEC00F52CCB /* Resources */ = {
			isa = PBXResourcesBuildPhase;
			buildActionMask = 2147483647;
			files = (
			);
			runOnlyForDeploymentPostprocessing = 0;
		};
		07B650BF29237CEC00F52CCB /* Resources */ = {
			isa = PBXResourcesBuildPhase;
			buildActionMask = 2147483647;
			files = (
			);
			runOnlyForDeploymentPostprocessing = 0;
		};
/* End PBXResourcesBuildPhase section */

/* Begin PBXSourcesBuildPhase section */
		07B6509A29237CEB00F52CCB /* Sources */ = {
			isa = PBXSourcesBuildPhase;
			buildActionMask = 2147483647;
			files = (
				07BB786C292B89BD003B50D4 /* Stage1.swift in Sources */,
				07B650A829237CEB00F52CCB /* GameScene.swift in Sources */,
				07BB7877292B90BC003B50D4 /* intro.swift in Sources */,
				07B650AA29237CEB00F52CCB /* GameViewController.swift in Sources */,
				07BB7872292B8EA3003B50D4 /* Stage4.swift in Sources */,
				07B650A229237CEB00F52CCB /* AppDelegate.swift in Sources */,
				07B650D529237FF200F52CCB /* Function.swift in Sources */,
				07BB7874292B8EB7003B50D4 /* Stage5.swift in Sources */,
				07BB786E292B8C14003B50D4 /* Stage2.swift in Sources */,
				07B651192923995700F52CCB /* Stages.swift in Sources */,
				07BB7870292B8E7A003B50D4 /* Stage3.swift in Sources */,
				07B651162923988D00F52CCB /* Variables.swift in Sources */,
			);
			runOnlyForDeploymentPostprocessing = 0;
		};
		07B650B329237CEC00F52CCB /* Sources */ = {
			isa = PBXSourcesBuildPhase;
			buildActionMask = 2147483647;
			files = (
				07B650BC29237CEC00F52CCB /* BlockBreakTests.swift in Sources */,
			);
			runOnlyForDeploymentPostprocessing = 0;
		};
		07B650BD29237CEC00F52CCB /* Sources */ = {
			isa = PBXSourcesBuildPhase;
			buildActionMask = 2147483647;
			files = (
				07B650C829237CEC00F52CCB /* BlockBreakUITestsLaunchTests.swift in Sources */,
				07B650C629237CEC00F52CCB /* BlockBreakUITests.swift in Sources */,
			);
			runOnlyForDeploymentPostprocessing = 0;
		};
/* End PBXSourcesBuildPhase section */

/* Begin PBXTargetDependency section */
		07B650B929237CEC00F52CCB /* PBXTargetDependency */ = {
			isa = PBXTargetDependency;
			target = 07B6509D29237CEB00F52CCB /* BlockBreak */;
			targetProxy = 07B650B829237CEC00F52CCB /* PBXContainerItemProxy */;
		};
		07B650C329237CEC00F52CCB /* PBXTargetDependency */ = {
			isa = PBXTargetDependency;
			target = 07B6509D29237CEB00F52CCB /* BlockBreak */;
			targetProxy = 07B650C229237CEC00F52CCB /* PBXContainerItemProxy */;
		};
/* End PBXTargetDependency section */

/* Begin PBXVariantGroup section */
		07B650AB29237CEB00F52CCB /* Main.storyboard */ = {
			isa = PBXVariantGroup;
			children = (
				07B650AC29237CEB00F52CCB /* Base */,
			);
			name = Main.storyboard;
			sourceTree = "<group>";
		};
		07B650B029237CEC00F52CCB /* LaunchScreen.storyboard */ = {
			isa = PBXVariantGroup;
			children = (
				07B650B129237CEC00F52CCB /* Base */,
			);
			name = LaunchScreen.storyboard;
			sourceTree = "<group>";
		};
/* End PBXVariantGroup section */

/* Begin XCBuildConfiguration section */
		07B650C929237CEC00F52CCB /* Debug */ = {
			isa = XCBuildConfiguration;
			buildSettings = {
				ALWAYS_SEARCH_USER_PATHS = NO;
				CLANG_ANALYZER_NONNULL = YES;
				CLANG_ANALYZER_NUMBER_OBJECT_CONVERSION = YES_AGGRESSIVE;
				CLANG_CXX_LANGUAGE_STANDARD = "gnu++20";
				CLANG_ENABLE_MODULES = YES;
				CLANG_ENABLE_OBJC_ARC = YES;
				CLANG_ENABLE_OBJC_WEAK = YES;
				CLANG_WARN_BLOCK_CAPTURE_AUTORELEASING = YES;
				CLANG_WARN_BOOL_CONVERSION = YES;
				CLANG_WARN_COMMA = YES;
				CLANG_WARN_CONSTANT_CONVERSION = YES;
				CLANG_WARN_DEPRECATED_OBJC_IMPLEMENTATIONS = YES;
				CLANG_WARN_DIRECT_OBJC_ISA_USAGE = YES_ERROR;
				CLANG_WARN_DOCUMENTATION_COMMENTS = YES;
				CLANG_WARN_EMPTY_BODY = YES;
				CLANG_WARN_ENUM_CONVERSION = YES;
				CLANG_WARN_INFINITE_RECURSION = YES;
				CLANG_WARN_INT_CONVERSION = YES;
				CLANG_WARN_NON_LITERAL_NULL_CONVERSION = YES;
				CLANG_WARN_OBJC_IMPLICIT_RETAIN_SELF = YES;
				CLANG_WARN_OBJC_LITERAL_CONVERSION = YES;
				CLANG_WARN_OBJC_ROOT_CLASS = YES_ERROR;
				CLANG_WARN_QUOTED_INCLUDE_IN_FRAMEWORK_HEADER = YES;
				CLANG_WARN_RANGE_LOOP_ANALYSIS = YES;
				CLANG_WARN_STRICT_PROTOTYPES = YES;
				CLANG_WARN_SUSPICIOUS_MOVE = YES;
				CLANG_WARN_UNGUARDED_AVAILABILITY = YES_AGGRESSIVE;
				CLANG_WARN_UNREACHABLE_CODE = YES;
				CLANG_WARN__DUPLICATE_METHOD_MATCH = YES;
				COPY_PHASE_STRIP = NO;
				DEBUG_INFORMATION_FORMAT = dwarf;
				ENABLE_STRICT_OBJC_MSGSEND = YES;
				ENABLE_TESTABILITY = YES;
				GCC_C_LANGUAGE_STANDARD = gnu11;
				GCC_DYNAMIC_NO_PIC = NO;
				GCC_NO_COMMON_BLOCKS = YES;
				GCC_OPTIMIZATION_LEVEL = 0;
				GCC_PREPROCESSOR_DEFINITIONS = (
					"DEBUG=1",
					"$(inherited)",
				);
				GCC_WARN_64_TO_32_BIT_CONVERSION = YES;
				GCC_WARN_ABOUT_RETURN_TYPE = YES_ERROR;
				GCC_WARN_UNDECLARED_SELECTOR = YES;
				GCC_WARN_UNINITIALIZED_AUTOS = YES_AGGRESSIVE;
				GCC_WARN_UNUSED_FUNCTION = YES;
				GCC_WARN_UNUSED_VARIABLE = YES;
				IPHONEOS_DEPLOYMENT_TARGET = 16.0;
				MTL_ENABLE_DEBUG_INFO = INCLUDE_SOURCE;
				MTL_FAST_MATH = YES;
				ONLY_ACTIVE_ARCH = YES;
				SDKROOT = iphoneos;
				SWIFT_ACTIVE_COMPILATION_CONDITIONS = DEBUG;
				SWIFT_OPTIMIZATION_LEVEL = "-Onone";
			};
			name = Debug;
		};
		07B650CA29237CEC00F52CCB /* Release */ = {
			isa = XCBuildConfiguration;
			buildSettings = {
				ALWAYS_SEARCH_USER_PATHS = NO;
				CLANG_ANALYZER_NONNULL = YES;
				CLANG_ANALYZER_NUMBER_OBJECT_CONVERSION = YES_AGGRESSIVE;
				CLANG_CXX_LANGUAGE_STANDARD = "gnu++20";
				CLANG_ENABLE_MODULES = YES;
				CLANG_ENABLE_OBJC_ARC = YES;
				CLANG_ENABLE_OBJC_WEAK = YES;
				CLANG_WARN_BLOCK_CAPTURE_AUTORELEASING = YES;
				CLANG_WARN_BOOL_CONVERSION = YES;
				CLANG_WARN_COMMA = YES;
				CLANG_WARN_CONSTANT_CONVERSION = YES;
				CLANG_WARN_DEPRECATED_OBJC_IMPLEMENTATIONS = YES;
				CLANG_WARN_DIRECT_OBJC_ISA_USAGE = YES_ERROR;
				CLANG_WARN_DOCUMENTATION_COMMENTS = YES;
				CLANG_WARN_EMPTY_BODY = YES;
				CLANG_WARN_ENUM_CONVERSION = YES;
				CLANG_WARN_INFINITE_RECURSION = YES;
				CLANG_WARN_INT_CONVERSION = YES;
				CLANG_WARN_NON_LITERAL_NULL_CONVERSION = YES;
				CLANG_WARN_OBJC_IMPLICIT_RETAIN_SELF = YES;
				CLANG_WARN_OBJC_LITERAL_CONVERSION = YES;
				CLANG_WARN_OBJC_ROOT_CLASS = YES_ERROR;
				CLANG_WARN_QUOTED_INCLUDE_IN_FRAMEWORK_HEADER = YES;
				CLANG_WARN_RANGE_LOOP_ANALYSIS = YES;
				CLANG_WARN_STRICT_PROTOTYPES = YES;
				CLANG_WARN_SUSPICIOUS_MOVE = YES;
				CLANG_WARN_UNGUARDED_AVAILABILITY = YES_AGGRESSIVE;
				CLANG_WARN_UNREACHABLE_CODE = YES;
				CLANG_WARN__DUPLICATE_METHOD_MATCH = YES;
				COPY_PHASE_STRIP = NO;
				DEBUG_INFORMATION_FORMAT = "dwarf-with-dsym";
				ENABLE_NS_ASSERTIONS = NO;
				ENABLE_STRICT_OBJC_MSGSEND = YES;
				GCC_C_LANGUAGE_STANDARD = gnu11;
				GCC_NO_COMMON_BLOCKS = YES;
				GCC_WARN_64_TO_32_BIT_CONVERSION = YES;
				GCC_WARN_ABOUT_RETURN_TYPE = YES_ERROR;
				GCC_WARN_UNDECLARED_SELECTOR = YES;
				GCC_WARN_UNINITIALIZED_AUTOS = YES_AGGRESSIVE;
				GCC_WARN_UNUSED_FUNCTION = YES;
				GCC_WARN_UNUSED_VARIABLE = YES;
				IPHONEOS_DEPLOYMENT_TARGET = 16.0;
				MTL_ENABLE_DEBUG_INFO = NO;
				MTL_FAST_MATH = YES;
				SDKROOT = iphoneos;
				SWIFT_COMPILATION_MODE = wholemodule;
				SWIFT_OPTIMIZATION_LEVEL = "-O";
				VALIDATE_PRODUCT = YES;
			};
			name = Release;
		};
		07B650CC29237CEC00F52CCB /* Debug */ = {
			isa = XCBuildConfiguration;
			buildSettings = {
				ASSETCATALOG_COMPILER_APPICON_NAME = AppIcon;
				ASSETCATALOG_COMPILER_GLOBAL_ACCENT_COLOR_NAME = AccentColor;
				CODE_SIGN_STYLE = Automatic;
				CURRENT_PROJECT_VERSION = 1;
				GENERATE_INFOPLIST_FILE = YES;
				INFOPLIST_KEY_UIApplicationSupportsIndirectInputEvents = YES;
				INFOPLIST_KEY_UILaunchStoryboardName = Main.storyboard;
				INFOPLIST_KEY_UIMainStoryboardFile = Main;
				INFOPLIST_KEY_UIStatusBarHidden = YES;
				INFOPLIST_KEY_UISupportedInterfaceOrientations = "UIInterfaceOrientationLandscapeLeft UIInterfaceOrientationLandscapeRight";
				INFOPLIST_KEY_UISupportedInterfaceOrientations_iPad = "UIInterfaceOrientationLandscapeLeft UIInterfaceOrientationLandscapeRight UIInterfaceOrientationPortrait UIInterfaceOrientationPortraitUpsideDown";
				LD_RUNPATH_SEARCH_PATHS = (
					"$(inherited)",
					"@executable_path/Frameworks",
				);
				MARKETING_VERSION = 1.0;
				PRODUCT_BUNDLE_IDENTIFIER = yongseop.BlockBreak;
				PRODUCT_NAME = "$(TARGET_NAME)";
				SWIFT_EMIT_LOC_STRINGS = YES;
				SWIFT_VERSION = 5.0;
				TARGETED_DEVICE_FAMILY = "1,2";
			};
			name = Debug;
		};
		07B650CD29237CEC00F52CCB /* Release */ = {
			isa = XCBuildConfiguration;
			buildSettings = {
				ASSETCATALOG_COMPILER_APPICON_NAME = AppIcon;
				ASSETCATALOG_COMPILER_GLOBAL_ACCENT_COLOR_NAME = AccentColor;
				CODE_SIGN_STYLE = Automatic;
				CURRENT_PROJECT_VERSION = 1;
				GENERATE_INFOPLIST_FILE = YES;
				INFOPLIST_KEY_UIApplicationSupportsIndirectInputEvents = YES;
				INFOPLIST_KEY_UILaunchStoryboardName = Main.storyboard;
				INFOPLIST_KEY_UIMainStoryboardFile = Main;
				INFOPLIST_KEY_UIStatusBarHidden = YES;
				INFOPLIST_KEY_UISupportedInterfaceOrientations = "UIInterfaceOrientationLandscapeLeft UIInterfaceOrientationLandscapeRight";
				INFOPLIST_KEY_UISupportedInterfaceOrientations_iPad = "UIInterfaceOrientationLandscapeLeft UIInterfaceOrientationLandscapeRight UIInterfaceOrientationPortrait UIInterfaceOrientationPortraitUpsideDown";
				LD_RUNPATH_SEARCH_PATHS = (
					"$(inherited)",
					"@executable_path/Frameworks",
				);
				MARKETING_VERSION = 1.0;
				PRODUCT_BUNDLE_IDENTIFIER = yongseop.BlockBreak;
				PRODUCT_NAME = "$(TARGET_NAME)";
				SWIFT_EMIT_LOC_STRINGS = YES;
				SWIFT_VERSION = 5.0;
				TARGETED_DEVICE_FAMILY = "1,2";
			};
			name = Release;
		};
		07B650CF29237CEC00F52CCB /* Debug */ = {
			isa = XCBuildConfiguration;
			buildSettings = {
				ALWAYS_EMBED_SWIFT_STANDARD_LIBRARIES = YES;
				BUNDLE_LOADER = "$(TEST_HOST)";
				CODE_SIGN_STYLE = Automatic;
				CURRENT_PROJECT_VERSION = 1;
				GENERATE_INFOPLIST_FILE = YES;
				IPHONEOS_DEPLOYMENT_TARGET = 16.0;
				MARKETING_VERSION = 1.0;
				PRODUCT_BUNDLE_IDENTIFIER = yongseop.BlockBreakTests;
				PRODUCT_NAME = "$(TARGET_NAME)";
				SWIFT_EMIT_LOC_STRINGS = NO;
				SWIFT_VERSION = 5.0;
				TARGETED_DEVICE_FAMILY = "1,2";
				TEST_HOST = "$(BUILT_PRODUCTS_DIR)/BlockBreak.app/$(BUNDLE_EXECUTABLE_FOLDER_PATH)/BlockBreak";
			};
			name = Debug;
		};
		07B650D029237CEC00F52CCB /* Release */ = {
			isa = XCBuildConfiguration;
			buildSettings = {
				ALWAYS_EMBED_SWIFT_STANDARD_LIBRARIES = YES;
				BUNDLE_LOADER = "$(TEST_HOST)";
				CODE_SIGN_STYLE = Automatic;
				CURRENT_PROJECT_VERSION = 1;
				GENERATE_INFOPLIST_FILE = YES;
				IPHONEOS_DEPLOYMENT_TARGET = 16.0;
				MARKETING_VERSION = 1.0;
				PRODUCT_BUNDLE_IDENTIFIER = yongseop.BlockBreakTests;
				PRODUCT_NAME = "$(TARGET_NAME)";
				SWIFT_EMIT_LOC_STRINGS = NO;
				SWIFT_VERSION = 5.0;
				TARGETED_DEVICE_FAMILY = "1,2";
				TEST_HOST = "$(BUILT_PRODUCTS_DIR)/BlockBreak.app/$(BUNDLE_EXECUTABLE_FOLDER_PATH)/BlockBreak";
			};
			name = Release;
		};
		07B650D229237CEC00F52CCB /* Debug */ = {
			isa = XCBuildConfiguration;
			buildSettings = {
				ALWAYS_EMBED_SWIFT_STANDARD_LIBRARIES = YES;
				CODE_SIGN_STYLE = Automatic;
				CURRENT_PROJECT_VERSION = 1;
				GENERATE_INFOPLIST_FILE = YES;
				MARKETING_VERSION = 1.0;
				PRODUCT_BUNDLE_IDENTIFIER = yongseop.BlockBreakUITests;
				PRODUCT_NAME = "$(TARGET_NAME)";
				SWIFT_EMIT_LOC_STRINGS = NO;
				SWIFT_VERSION = 5.0;
				TARGETED_DEVICE_FAMILY = "1,2";
				TEST_TARGET_NAME = BlockBreak;
			};
			name = Debug;
		};
		07B650D329237CEC00F52CCB /* Release */ = {
			isa = XCBuildConfiguration;
			buildSettings = {
				ALWAYS_EMBED_SWIFT_STANDARD_LIBRARIES = YES;
				CODE_SIGN_STYLE = Automatic;
				CURRENT_PROJECT_VERSION = 1;
				GENERATE_INFOPLIST_FILE = YES;
				MARKETING_VERSION = 1.0;
				PRODUCT_BUNDLE_IDENTIFIER = yongseop.BlockBreakUITests;
				PRODUCT_NAME = "$(TARGET_NAME)";
				SWIFT_EMIT_LOC_STRINGS = NO;
				SWIFT_VERSION = 5.0;
				TARGETED_DEVICE_FAMILY = "1,2";
				TEST_TARGET_NAME = BlockBreak;
			};
			name = Release;
		};
/* End XCBuildConfiguration section */

/* Begin XCConfigurationList section */
		07B6509929237CEB00F52CCB /* Build configuration list for PBXProject "BlockBreak" */ = {
			isa = XCConfigurationList;
			buildConfigurations = (
				07B650C929237CEC00F52CCB /* Debug */,
				07B650CA29237CEC00F52CCB /* Release */,
			);
			defaultConfigurationIsVisible = 0;
			defaultConfigurationName = Release;
		};
		07B650CB29237CEC00F52CCB /* Build configuration list for PBXNativeTarget "BlockBreak" */ = {
			isa = XCConfigurationList;
			buildConfigurations = (
				07B650CC29237CEC00F52CCB /* Debug */,
				07B650CD29237CEC00F52CCB /* Release */,
			);
			defaultConfigurationIsVisible = 0;
			defaultConfigurationName = Release;
		};
		07B650CE29237CEC00F52CCB /* Build configuration list for PBXNativeTarget "BlockBreakTests" */ = {
			isa = XCConfigurationList;
			buildConfigurations = (
				07B650CF29237CEC00F52CCB /* Debug */,
				07B650D029237CEC00F52CCB /* Release */,
			);
			defaultConfigurationIsVisible = 0;
			defaultConfigurationName = Release;
		};
		07B650D129237CEC00F52CCB /* Build configuration list for PBXNativeTarget "BlockBreakUITests" */ = {
			isa = XCConfigurationList;
			buildConfigurations = (
				07B650D229237CEC00F52CCB /* Debug */,
				07B650D329237CEC00F52CCB /* Release */,
			);
			defaultConfigurationIsVisible = 0;
			defaultConfigurationName = Release;
		};
/* End XCConfigurationList section */
	};
	rootObject = 07B6509629237CEB00F52CCB /* Project object */;
}
